
Microsoft Visual Studio Solution File, Format Version 12.00
# Visual Studio 15
VisualStudioVersion = 15.0.28010.2036
MinimumVisualStudioVersion = 10.0.40219.1
Project("{9A19103F-16F7-4668-BE54-9A1E7A4F7556}") = "WebApiPaises", "WebApiPaises.csproj", "{063EA3FA-BFD1-4E50-8896-3FCEFA3D1E91}"
EndProject
Global
	GlobalSection(SolutionConfigurationPlatforms) = preSolution
		Debug|Any CPU = Debug|Any CPU
		Release|Any CPU = Release|Any CPU
	EndGlobalSection
	GlobalSection(ProjectConfigurationPlatforms) = postSolution
		{063EA3FA-BFD1-4E50-8896-3FCEFA3D1E91}.Debug|Any CPU.ActiveCfg = Debug|Any CPU
		{063EA3FA-BFD1-4E50-8896-3FCEFA3D1E91}.Debug|Any CPU.Build.0 = Debug|Any CPU
		{063EA3FA-BFD1-4E50-8896-3FCEFA3D1E91}.Release|Any CPU.ActiveCfg = Release|Any CPU
		{063EA3FA-BFD1-4E50-8896-3FCEFA3D1E91}.Release|Any CPU.Build.0 = Release|Any CPU
	EndGlobalSection
	GlobalSection(SolutionProperties) = preSolution
		HideSolutionNode = FALSE
	EndGlobalSection
	GlobalSection(ExtensibilityGlobals) = postSolution
		SolutionGuid = {97C9EF5F-D3CA-417A-9BC0-F9E5D61F70FB}
	EndGlobalSection
EndGlobal
